
Microsoft Visual Studio Solution File, Format Version 12.00
# Visual Studio Version 16
VisualStudioVersion = 16.0.29926.136
MinimumVisualStudioVersion = 10.0.40219.1
Project("{FAE04EC0-301F-11D3-BF4B-00C04F79EFBC}") = "WebApp", "WebApp\WebApp.csproj", "{23EE019A-49DE-48DB-87E1-ED370A2CA05F}"
EndProject
Global
	GlobalSection(SolutionConfigurationPlatforms) = preSolution
		Debug|Any CPU = Debug|Any CPU
		Release|Any CPU = Release|Any CPU
	EndGlobalSection
	GlobalSection(ProjectConfigurationPlatforms) = postSolution
		{23EE019A-49DE-48DB-87E1-ED370A2CA05F}.Debug|Any CPU.ActiveCfg = Debug|Any CPU
		{23EE019A-49DE-48DB-87E1-ED370A2CA05F}.Debug|Any CPU.Build.0 = Debug|Any CPU
		{23EE019A-49DE-48DB-87E1-ED370A2CA05F}.Release|Any CPU.ActiveCfg = Release|Any CPU
		{23EE019A-49DE-48DB-87E1-ED370A2CA05F}.Release|Any CPU.Build.0 = Release|Any CPU
	EndGlobalSection
	GlobalSection(SolutionProperties) = preSolution
		HideSolutionNode = FALSE
	EndGlobalSection
	GlobalSection(ExtensibilityGlobals) = postSolution
		SolutionGuid = {39ED704C-514D-4C75-830E-0E817B1FE4E9}
	EndGlobalSection
EndGlobal
